
Microsoft Visual Studio Solution File, Format Version 12.00
# Visual Studio Version 16
VisualStudioVersion = 16.0.32407.337
MinimumVisualStudioVersion = 10.0.40219.1
Project("{FAE04EC0-301F-11D3-BF4B-00C04F79EFBC}") = "Pokedex.BlazorWASM", "Pokedex.BlazorWASM\Pokedex.BlazorWASM.csproj", "{569217C9-067E-40AF-8802-6B6FDD9B41EF}"
EndProject
Global
	GlobalSection(SolutionConfigurationPlatforms) = preSolution
		Debug|Any CPU = Debug|Any CPU
		Release|Any CPU = Release|Any CPU
	EndGlobalSection
	GlobalSection(ProjectConfigurationPlatforms) = postSolution
		{569217C9-067E-40AF-8802-6B6FDD9B41EF}.Debug|Any CPU.ActiveCfg = Debug|Any CPU
		{569217C9-067E-40AF-8802-6B6FDD9B41EF}.Debug|Any CPU.Build.0 = Debug|Any CPU
		{569217C9-067E-40AF-8802-6B6FDD9B41EF}.Release|Any CPU.ActiveCfg = Release|Any CPU
		{569217C9-067E-40AF-8802-6B6FDD9B41EF}.Release|Any CPU.Build.0 = Release|Any CPU
	EndGlobalSection
	GlobalSection(SolutionProperties) = preSolution
		HideSolutionNode = FALSE
	EndGlobalSection
	GlobalSection(ExtensibilityGlobals) = postSolution
		SolutionGuid = {DEB2C1BB-7EFA-4244-9D51-49BF0CA12DF8}
	EndGlobalSection
EndGlobal
